
Microsoft Visual Studio Solution File, Format Version 12.00
# Visual Studio 15
VisualStudioVersion = 15.0.27004.2002
MinimumVisualStudioVersion = 10.0.40219.1
Project("{2150E333-8FDC-42A3-9474-1A3956D46DE8}") = "Model", "Model", "{01E823E6-FBB6-438F-A4A6-D5FFFBAEFA38}"
EndProject
Project("{FAE04EC0-301F-11D3-BF4B-00C04F79EFBC}") = "Model.DAL", "Model\Model.DAL\Model.DAL.csproj", "{1643AB00-4B82-4413-A67F-BE7CC4F024C4}"
EndProject
Project("{2150E333-8FDC-42A3-9474-1A3956D46DE8}") = "Common", "Common", "{FDC1F7E4-2A1B-46F4-9E0A-071D5CA36C64}"
EndProject
Project("{FAE04EC0-301F-11D3-BF4B-00C04F79EFBC}") = "Common.Logger", "Common\Logger\Common.Logger.csproj", "{DB95373E-D53E-4172-912E-98F671D62729}"
EndProject
Project("{FAE04EC0-301F-11D3-BF4B-00C04F79EFBC}") = "Model.SqlServer", "Model\Model.SqlServer\Model.SqlServer.csproj", "{BD9BD527-4114-4237-8960-59F7C21DED8E}"
EndProject
Project("{FAE04EC0-301F-11D3-BF4B-00C04F79EFBC}") = "Model.Oracle", "Model\Model.Oracle\Model.Oracle.csproj", "{E35E8697-C1EA-4BB3-9654-D221F6BAB683}"
EndProject
Project("{FAE04EC0-301F-11D3-BF4B-00C04F79EFBC}") = "Common.Database", "Common\Database\Common.Database\Common.Database.csproj", "{2A738CB9-1411-4FEC-A9C1-34016683A9C3}"
EndProject
Project("{2150E333-8FDC-42A3-9474-1A3956D46DE8}") = "Server", "Server", "{65CCF12B-5965-4496-B167-D1E91285064F}"
EndProject
Project("{FAE04EC0-301F-11D3-BF4B-00C04F79EFBC}") = "Oracle.Common", "Model\Oracle.DTO\Oracle.Common.csproj", "{C5F95B78-3EF8-4ECE-9352-A0F631D3FEDB}"
EndProject
Project("{FAE04EC0-301F-11D3-BF4B-00C04F79EFBC}") = "Model.BL.DTO", "Model\Model.BL.DTO\Model.BL.DTO.csproj", "{C78569C4-3A0C-4DFE-975F-E72F44EB3AA3}"
EndProject
Project("{FAE04EC0-301F-11D3-BF4B-00C04F79EFBC}") = "ApplicationTest", "ApplicationTest\ApplicationTest.csproj", "{3CB01A6A-5394-4FC4-B9F8-17A5A571DDBF}"
EndProject
Project("{FAE04EC0-301F-11D3-BF4B-00C04F79EFBC}") = "Common.Enums", "Common\Common.Enums\Common.Enums.csproj", "{FE1C00EC-738F-4032-8C47-9AF5BC675869}"
EndProject
Project("{FAE04EC0-301F-11D3-BF4B-00C04F79EFBC}") = "Common.Security", "Common\Common.Security\Common.Security.csproj", "{7DD8FE8C-8A2C-4AA0-B463-D88CE5F02874}"
EndProject
Project("{FAE04EC0-301F-11D3-BF4B-00C04F79EFBC}") = "Model.BL", "Model\Model.BL\Model.BL.csproj", "{AE81088C-6B85-4CB0-9267-4E0AF2954F80}"
EndProject
Project("{FAE04EC0-301F-11D3-BF4B-00C04F79EFBC}") = "Common.Cache", "Common\Common.Cache\Common.Cache.csproj", "{102CA3EB-811C-4393-965F-F7637B2362F6}"
EndProject
Project("{2150E333-8FDC-42A3-9474-1A3956D46DE8}") = "Memory", "Memory", "{BAA1E009-0ECD-4059-93E5-DB130A275F1E}"
EndProject
Project("{2150E333-8FDC-42A3-9474-1A3956D46DE8}") = "PrensaCatalog", "PrensaCatalog", "{2105866C-D491-437D-AD32-DC2C70351E2C}"
EndProject
Project("{FAE04EC0-301F-11D3-BF4B-00C04F79EFBC}") = "PrensaCatalog", "TagCatalog\PrensaCatalog.csproj", "{62747456-1033-4097-B7BE-F7C37ECB35E0}"
EndProject
Project("{2150E333-8FDC-42A3-9474-1A3956D46DE8}") = "RequestManager", "RequestManager", "{A94D33D3-E141-423C-859A-C2A0D28876C4}"
EndProject
Project("{FAE04EC0-301F-11D3-BF4B-00C04F79EFBC}") = "RequestManager", "RequestManager\RequestManager.csproj", "{521DE073-1D7A-4399-97C6-A9545B6E4745}"
EndProject
Project("{2150E333-8FDC-42A3-9474-1A3956D46DE8}") = "Communication", "Communication", "{B265BB47-E501-43F1-A6FF-1D97C07361BC}"
EndProject
Project("{FAE04EC0-301F-11D3-BF4B-00C04F79EFBC}") = "Communication.SignalR", "Communication\Communication.SignalR\Communication.SignalR.csproj", "{F37957F3-08BA-449C-AA8D-C2AC07D8AC1B}"
EndProject
Project("{2150E333-8FDC-42A3-9474-1A3956D46DE8}") = "DataProvider", "DataProvider", "{93A8AC92-B44D-4A88-9497-DC91FA216E18}"
EndProject
Project("{2150E333-8FDC-42A3-9474-1A3956D46DE8}") = "WCF", "WCF", "{1811E0B2-7930-40E8-B885-58DC4D1336FD}"
EndProject
Project("{FAE04EC0-301F-11D3-BF4B-00C04F79EFBC}") = "WCF_RequestMotorClient", "Communication\WCF\WCF_RuleMotorClient\WCF_RequestMotorClient.csproj", "{BBF3BDF5-B97C-42CD-8184-CAD78B6515CA}"
EndProject
Project("{FAE04EC0-301F-11D3-BF4B-00C04F79EFBC}") = "WCF_RequestMotorServer", "Communication\WCF\WCF_RuleMotorServer\WCF_RequestMotorServer.csproj", "{B64D9E04-66E0-4047-BEEF-D2F9FECA7AAA}"
EndProject
Project("{2150E333-8FDC-42A3-9474-1A3956D46DE8}") = "WebApi", "WebApi", "{30B5781F-1AAC-46F4-94D8-53F5780BB093}"
EndProject
Project("{FAE04EC0-301F-11D3-BF4B-00C04F79EFBC}") = "WebApi.Server", "Communication\WebAPI\WebApi.Server\WebApi.Server.csproj", "{3528BB91-5B5F-45AD-A751-D5C70F38D91C}"
EndProject
Project("{FAE04EC0-301F-11D3-BF4B-00C04F79EFBC}") = "WebApi.Client", "Communication\WebAPI\WebApi.Client\WebApi.Client.csproj", "{C337A636-7C36-427D-8734-45AFF2169AA5}"
EndProject
Project("{FAE04EC0-301F-11D3-BF4B-00C04F79EFBC}") = "PrensasService", "PrensasService\PrensasService.csproj", "{45C839E6-212D-4EAA-A856-0A3226A9974B}"
EndProject
Project("{FAE04EC0-301F-11D3-BF4B-00C04F79EFBC}") = "Memory.Common", "Memory\Memory.Common.csproj", "{6FB2A742-15A8-49AC-B725-AA9B3F546DB5}"
EndProject
Project("{FAE04EC0-301F-11D3-BF4B-00C04F79EFBC}") = "Common.XML_Configuration", "Common\Xml\Common.XML_Configuration.csproj", "{B6D3DF3C-1122-4942-8A17-BB5D38A9B531}"
EndProject
Project("{FAE04EC0-301F-11D3-BF4B-00C04F79EFBC}") = "ValuesMemory", "ValuesMemory\ValuesMemory.csproj", "{05E81E17-DC8E-4621-86FC-1DDA69487347}"
EndProject
Project("{FAE04EC0-301F-11D3-BF4B-00C04F79EFBC}") = "DataProvider.Interfaces", "DataProvider\DataProvider.Interfaces\DataProvider.Interfaces.csproj", "{6D607DCB-58EA-459C-B9EC-AE56D9352C96}"
EndProject
Project("{FAE04EC0-301F-11D3-BF4B-00C04F79EFBC}") = "DataProvider.TManager", "DataProvider\DataProvider.TManager\DataProvider.TManager.csproj", "{3E228CAE-6359-4A74-BAE7-44C0E2BF14E8}"
EndProject
Project("{FAE04EC0-301F-11D3-BF4B-00C04F79EFBC}") = "DataProvidersManagement", "DataProvidersManagement\DataProvidersManagement.csproj", "{DA6B8A44-CC83-4302-B25A-801826F256A5}"
EndProject
Global
	GlobalSection(SolutionConfigurationPlatforms) = preSolution
		Debug|Any CPU = Debug|Any CPU
		Release|Any CPU = Release|Any CPU
	EndGlobalSection
	GlobalSection(ProjectConfigurationPlatforms) = postSolution
		{1643AB00-4B82-4413-A67F-BE7CC4F024C4}.Debug|Any CPU.ActiveCfg = Debug|Any CPU
		{1643AB00-4B82-4413-A67F-BE7CC4F024C4}.Debug|Any CPU.Build.0 = Debug|Any CPU
		{1643AB00-4B82-4413-A67F-BE7CC4F024C4}.Release|Any CPU.ActiveCfg = Release|Any CPU
		{1643AB00-4B82-4413-A67F-BE7CC4F024C4}.Release|Any CPU.Build.0 = Release|Any CPU
		{DB95373E-D53E-4172-912E-98F671D62729}.Debug|Any CPU.ActiveCfg = Debug|Any CPU
		{DB95373E-D53E-4172-912E-98F671D62729}.Debug|Any CPU.Build.0 = Debug|Any CPU
		{DB95373E-D53E-4172-912E-98F671D62729}.Release|Any CPU.ActiveCfg = Release|Any CPU
		{DB95373E-D53E-4172-912E-98F671D62729}.Release|Any CPU.Build.0 = Release|Any CPU
		{BD9BD527-4114-4237-8960-59F7C21DED8E}.Debug|Any CPU.ActiveCfg = Debug|Any CPU
		{BD9BD527-4114-4237-8960-59F7C21DED8E}.Debug|Any CPU.Build.0 = Debug|Any CPU
		{BD9BD527-4114-4237-8960-59F7C21DED8E}.Release|Any CPU.ActiveCfg = Release|Any CPU
		{BD9BD527-4114-4237-8960-59F7C21DED8E}.Release|Any CPU.Build.0 = Release|Any CPU
		{E35E8697-C1EA-4BB3-9654-D221F6BAB683}.Debug|Any CPU.ActiveCfg = Debug|Any CPU
		{E35E8697-C1EA-4BB3-9654-D221F6BAB683}.Debug|Any CPU.Build.0 = Debug|Any CPU
		{E35E8697-C1EA-4BB3-9654-D221F6BAB683}.Release|Any CPU.ActiveCfg = Release|Any CPU
		{E35E8697-C1EA-4BB3-9654-D221F6BAB683}.Release|Any CPU.Build.0 = Release|Any CPU
		{2A738CB9-1411-4FEC-A9C1-34016683A9C3}.Debug|Any CPU.ActiveCfg = Debug|Any CPU
		{2A738CB9-1411-4FEC-A9C1-34016683A9C3}.Debug|Any CPU.Build.0 = Debug|Any CPU
		{2A738CB9-1411-4FEC-A9C1-34016683A9C3}.Release|Any CPU.ActiveCfg = Release|Any CPU
		{2A738CB9-1411-4FEC-A9C1-34016683A9C3}.Release|Any CPU.Build.0 = Release|Any CPU
		{C5F95B78-3EF8-4ECE-9352-A0F631D3FEDB}.Debug|Any CPU.ActiveCfg = Debug|Any CPU
		{C5F95B78-3EF8-4ECE-9352-A0F631D3FEDB}.Debug|Any CPU.Build.0 = Debug|Any CPU
		{C5F95B78-3EF8-4ECE-9352-A0F631D3FEDB}.Release|Any CPU.ActiveCfg = Release|Any CPU
		{C5F95B78-3EF8-4ECE-9352-A0F631D3FEDB}.Release|Any CPU.Build.0 = Release|Any CPU
		{C78569C4-3A0C-4DFE-975F-E72F44EB3AA3}.Debug|Any CPU.ActiveCfg = Debug|Any CPU
		{C78569C4-3A0C-4DFE-975F-E72F44EB3AA3}.Debug|Any CPU.Build.0 = Debug|Any CPU
		{C78569C4-3A0C-4DFE-975F-E72F44EB3AA3}.Release|Any CPU.ActiveCfg = Release|Any CPU
		{C78569C4-3A0C-4DFE-975F-E72F44EB3AA3}.Release|Any CPU.Build.0 = Release|Any CPU
		{3CB01A6A-5394-4FC4-B9F8-17A5A571DDBF}.Debug|Any CPU.ActiveCfg = Debug|Any CPU
		{3CB01A6A-5394-4FC4-B9F8-17A5A571DDBF}.Debug|Any CPU.Build.0 = Debug|Any CPU
		{3CB01A6A-5394-4FC4-B9F8-17A5A571DDBF}.Release|Any CPU.ActiveCfg = Release|Any CPU
		{3CB01A6A-5394-4FC4-B9F8-17A5A571DDBF}.Release|Any CPU.Build.0 = Release|Any CPU
		{FE1C00EC-738F-4032-8C47-9AF5BC675869}.Debug|Any CPU.ActiveCfg = Debug|Any CPU
		{FE1C00EC-738F-4032-8C47-9AF5BC675869}.Debug|Any CPU.Build.0 = Debug|Any CPU
		{FE1C00EC-738F-4032-8C47-9AF5BC675869}.Release|Any CPU.ActiveCfg = Release|Any CPU
		{FE1C00EC-738F-4032-8C47-9AF5BC675869}.Release|Any CPU.Build.0 = Release|Any CPU
		{7DD8FE8C-8A2C-4AA0-B463-D88CE5F02874}.Debug|Any CPU.ActiveCfg = Debug|Any CPU
		{7DD8FE8C-8A2C-4AA0-B463-D88CE5F02874}.Debug|Any CPU.Build.0 = Debug|Any CPU
		{7DD8FE8C-8A2C-4AA0-B463-D88CE5F02874}.Release|Any CPU.ActiveCfg = Release|Any CPU
		{7DD8FE8C-8A2C-4AA0-B463-D88CE5F02874}.Release|Any CPU.Build.0 = Release|Any CPU
		{AE81088C-6B85-4CB0-9267-4E0AF2954F80}.Debug|Any CPU.ActiveCfg = Debug|Any CPU
		{AE81088C-6B85-4CB0-9267-4E0AF2954F80}.Debug|Any CPU.Build.0 = Debug|Any CPU
		{AE81088C-6B85-4CB0-9267-4E0AF2954F80}.Release|Any CPU.ActiveCfg = Release|Any CPU
		{AE81088C-6B85-4CB0-9267-4E0AF2954F80}.Release|Any CPU.Build.0 = Release|Any CPU
		{102CA3EB-811C-4393-965F-F7637B2362F6}.Debug|Any CPU.ActiveCfg = Debug|Any CPU
		{102CA3EB-811C-4393-965F-F7637B2362F6}.Debug|Any CPU.Build.0 = Debug|Any CPU
		{102CA3EB-811C-4393-965F-F7637B2362F6}.Release|Any CPU.ActiveCfg = Release|Any CPU
		{102CA3EB-811C-4393-965F-F7637B2362F6}.Release|Any CPU.Build.0 = Release|Any CPU
		{62747456-1033-4097-B7BE-F7C37ECB35E0}.Debug|Any CPU.ActiveCfg = Debug|Any CPU
		{62747456-1033-4097-B7BE-F7C37ECB35E0}.Debug|Any CPU.Build.0 = Debug|Any CPU
		{62747456-1033-4097-B7BE-F7C37ECB35E0}.Release|Any CPU.ActiveCfg = Release|Any CPU
		{62747456-1033-4097-B7BE-F7C37ECB35E0}.Release|Any CPU.Build.0 = Release|Any CPU
		{521DE073-1D7A-4399-97C6-A9545B6E4745}.Debug|Any CPU.ActiveCfg = Debug|Any CPU
		{521DE073-1D7A-4399-97C6-A9545B6E4745}.Debug|Any CPU.Build.0 = Debug|Any CPU
		{521DE073-1D7A-4399-97C6-A9545B6E4745}.Release|Any CPU.ActiveCfg = Release|Any CPU
		{521DE073-1D7A-4399-97C6-A9545B6E4745}.Release|Any CPU.Build.0 = Release|Any CPU
		{F37957F3-08BA-449C-AA8D-C2AC07D8AC1B}.Debug|Any CPU.ActiveCfg = Debug|Any CPU
		{F37957F3-08BA-449C-AA8D-C2AC07D8AC1B}.Debug|Any CPU.Build.0 = Debug|Any CPU
		{F37957F3-08BA-449C-AA8D-C2AC07D8AC1B}.Release|Any CPU.ActiveCfg = Release|Any CPU
		{F37957F3-08BA-449C-AA8D-C2AC07D8AC1B}.Release|Any CPU.Build.0 = Release|Any CPU
		{BBF3BDF5-B97C-42CD-8184-CAD78B6515CA}.Debug|Any CPU.ActiveCfg = Debug|Any CPU
		{BBF3BDF5-B97C-42CD-8184-CAD78B6515CA}.Debug|Any CPU.Build.0 = Debug|Any CPU
		{BBF3BDF5-B97C-42CD-8184-CAD78B6515CA}.Release|Any CPU.ActiveCfg = Release|Any CPU
		{BBF3BDF5-B97C-42CD-8184-CAD78B6515CA}.Release|Any CPU.Build.0 = Release|Any CPU
		{B64D9E04-66E0-4047-BEEF-D2F9FECA7AAA}.Debug|Any CPU.ActiveCfg = Debug|Any CPU
		{B64D9E04-66E0-4047-BEEF-D2F9FECA7AAA}.Debug|Any CPU.Build.0 = Debug|Any CPU
		{B64D9E04-66E0-4047-BEEF-D2F9FECA7AAA}.Release|Any CPU.ActiveCfg = Release|Any CPU
		{B64D9E04-66E0-4047-BEEF-D2F9FECA7AAA}.Release|Any CPU.Build.0 = Release|Any CPU
		{3528BB91-5B5F-45AD-A751-D5C70F38D91C}.Debug|Any CPU.ActiveCfg = Debug|Any CPU
		{3528BB91-5B5F-45AD-A751-D5C70F38D91C}.Debug|Any CPU.Build.0 = Debug|Any CPU
		{3528BB91-5B5F-45AD-A751-D5C70F38D91C}.Release|Any CPU.ActiveCfg = Release|Any CPU
		{3528BB91-5B5F-45AD-A751-D5C70F38D91C}.Release|Any CPU.Build.0 = Release|Any CPU
		{C337A636-7C36-427D-8734-45AFF2169AA5}.Debug|Any CPU.ActiveCfg = Debug|Any CPU
		{C337A636-7C36-427D-8734-45AFF2169AA5}.Debug|Any CPU.Build.0 = Debug|Any CPU
		{C337A636-7C36-427D-8734-45AFF2169AA5}.Release|Any CPU.ActiveCfg = Release|Any CPU
		{C337A636-7C36-427D-8734-45AFF2169AA5}.Release|Any CPU.Build.0 = Release|Any CPU
		{45C839E6-212D-4EAA-A856-0A3226A9974B}.Debug|Any CPU.ActiveCfg = Debug|Any CPU
		{45C839E6-212D-4EAA-A856-0A3226A9974B}.Debug|Any CPU.Build.0 = Debug|Any CPU
		{45C839E6-212D-4EAA-A856-0A3226A9974B}.Release|Any CPU.ActiveCfg = Release|Any CPU
		{45C839E6-212D-4EAA-A856-0A3226A9974B}.Release|Any CPU.Build.0 = Release|Any CPU
		{6FB2A742-15A8-49AC-B725-AA9B3F546DB5}.Debug|Any CPU.ActiveCfg = Debug|Any CPU
		{6FB2A742-15A8-49AC-B725-AA9B3F546DB5}.Debug|Any CPU.Build.0 = Debug|Any CPU
		{6FB2A742-15A8-49AC-B725-AA9B3F546DB5}.Release|Any CPU.ActiveCfg = Release|Any CPU
		{6FB2A742-15A8-49AC-B725-AA9B3F546DB5}.Release|Any CPU.Build.0 = Release|Any CPU
		{B6D3DF3C-1122-4942-8A17-BB5D38A9B531}.Debug|Any CPU.ActiveCfg = Debug|Any CPU
		{B6D3DF3C-1122-4942-8A17-BB5D38A9B531}.Debug|Any CPU.Build.0 = Debug|Any CPU
		{B6D3DF3C-1122-4942-8A17-BB5D38A9B531}.Release|Any CPU.ActiveCfg = Release|Any CPU
		{B6D3DF3C-1122-4942-8A17-BB5D38A9B531}.Release|Any CPU.Build.0 = Release|Any CPU
		{05E81E17-DC8E-4621-86FC-1DDA69487347}.Debug|Any CPU.ActiveCfg = Debug|Any CPU
		{05E81E17-DC8E-4621-86FC-1DDA69487347}.Debug|Any CPU.Build.0 = Debug|Any CPU
		{05E81E17-DC8E-4621-86FC-1DDA69487347}.Release|Any CPU.ActiveCfg = Release|Any CPU
		{05E81E17-DC8E-4621-86FC-1DDA69487347}.Release|Any CPU.Build.0 = Release|Any CPU
		{6D607DCB-58EA-459C-B9EC-AE56D9352C96}.Debug|Any CPU.ActiveCfg = Debug|Any CPU
		{6D607DCB-58EA-459C-B9EC-AE56D9352C96}.Debug|Any CPU.Build.0 = Debug|Any CPU
		{6D607DCB-58EA-459C-B9EC-AE56D9352C96}.Release|Any CPU.ActiveCfg = Release|Any CPU
		{6D607DCB-58EA-459C-B9EC-AE56D9352C96}.Release|Any CPU.Build.0 = Release|Any CPU
		{3E228CAE-6359-4A74-BAE7-44C0E2BF14E8}.Debug|Any CPU.ActiveCfg = Debug|Any CPU
		{3E228CAE-6359-4A74-BAE7-44C0E2BF14E8}.Debug|Any CPU.Build.0 = Debug|Any CPU
		{3E228CAE-6359-4A74-BAE7-44C0E2BF14E8}.Release|Any CPU.ActiveCfg = Release|Any CPU
		{3E228CAE-6359-4A74-BAE7-44C0E2BF14E8}.Release|Any CPU.Build.0 = Release|Any CPU
		{DA6B8A44-CC83-4302-B25A-801826F256A5}.Debug|Any CPU.ActiveCfg = Debug|Any CPU
		{DA6B8A44-CC83-4302-B25A-801826F256A5}.Debug|Any CPU.Build.0 = Debug|Any CPU
		{DA6B8A44-CC83-4302-B25A-801826F256A5}.Release|Any CPU.ActiveCfg = Release|Any CPU
		{DA6B8A44-CC83-4302-B25A-801826F256A5}.Release|Any CPU.Build.0 = Release|Any CPU
	EndGlobalSection
	GlobalSection(SolutionProperties) = preSolution
		HideSolutionNode = FALSE
	EndGlobalSection
	GlobalSection(NestedProjects) = preSolution
		{1643AB00-4B82-4413-A67F-BE7CC4F024C4} = {01E823E6-FBB6-438F-A4A6-D5FFFBAEFA38}
		{DB95373E-D53E-4172-912E-98F671D62729} = {FDC1F7E4-2A1B-46F4-9E0A-071D5CA36C64}
		{BD9BD527-4114-4237-8960-59F7C21DED8E} = {01E823E6-FBB6-438F-A4A6-D5FFFBAEFA38}
		{E35E8697-C1EA-4BB3-9654-D221F6BAB683} = {01E823E6-FBB6-438F-A4A6-D5FFFBAEFA38}
		{2A738CB9-1411-4FEC-A9C1-34016683A9C3} = {FDC1F7E4-2A1B-46F4-9E0A-071D5CA36C64}
		{C5F95B78-3EF8-4ECE-9352-A0F631D3FEDB} = {01E823E6-FBB6-438F-A4A6-D5FFFBAEFA38}
		{C78569C4-3A0C-4DFE-975F-E72F44EB3AA3} = {01E823E6-FBB6-438F-A4A6-D5FFFBAEFA38}
		{FE1C00EC-738F-4032-8C47-9AF5BC675869} = {FDC1F7E4-2A1B-46F4-9E0A-071D5CA36C64}
		{7DD8FE8C-8A2C-4AA0-B463-D88CE5F02874} = {FDC1F7E4-2A1B-46F4-9E0A-071D5CA36C64}
		{AE81088C-6B85-4CB0-9267-4E0AF2954F80} = {01E823E6-FBB6-438F-A4A6-D5FFFBAEFA38}
		{102CA3EB-811C-4393-965F-F7637B2362F6} = {FDC1F7E4-2A1B-46F4-9E0A-071D5CA36C64}
		{62747456-1033-4097-B7BE-F7C37ECB35E0} = {2105866C-D491-437D-AD32-DC2C70351E2C}
		{521DE073-1D7A-4399-97C6-A9545B6E4745} = {A94D33D3-E141-423C-859A-C2A0D28876C4}
		{F37957F3-08BA-449C-AA8D-C2AC07D8AC1B} = {B265BB47-E501-43F1-A6FF-1D97C07361BC}
		{1811E0B2-7930-40E8-B885-58DC4D1336FD} = {B265BB47-E501-43F1-A6FF-1D97C07361BC}
		{BBF3BDF5-B97C-42CD-8184-CAD78B6515CA} = {1811E0B2-7930-40E8-B885-58DC4D1336FD}
		{B64D9E04-66E0-4047-BEEF-D2F9FECA7AAA} = {1811E0B2-7930-40E8-B885-58DC4D1336FD}
		{30B5781F-1AAC-46F4-94D8-53F5780BB093} = {B265BB47-E501-43F1-A6FF-1D97C07361BC}
		{3528BB91-5B5F-45AD-A751-D5C70F38D91C} = {30B5781F-1AAC-46F4-94D8-53F5780BB093}
		{C337A636-7C36-427D-8734-45AFF2169AA5} = {30B5781F-1AAC-46F4-94D8-53F5780BB093}
		{45C839E6-212D-4EAA-A856-0A3226A9974B} = {65CCF12B-5965-4496-B167-D1E91285064F}
		{6FB2A742-15A8-49AC-B725-AA9B3F546DB5} = {BAA1E009-0ECD-4059-93E5-DB130A275F1E}
		{B6D3DF3C-1122-4942-8A17-BB5D38A9B531} = {FDC1F7E4-2A1B-46F4-9E0A-071D5CA36C64}
		{05E81E17-DC8E-4621-86FC-1DDA69487347} = {BAA1E009-0ECD-4059-93E5-DB130A275F1E}
		{6D607DCB-58EA-459C-B9EC-AE56D9352C96} = {93A8AC92-B44D-4A88-9497-DC91FA216E18}
		{3E228CAE-6359-4A74-BAE7-44C0E2BF14E8} = {93A8AC92-B44D-4A88-9497-DC91FA216E18}
		{DA6B8A44-CC83-4302-B25A-801826F256A5} = {93A8AC92-B44D-4A88-9497-DC91FA216E18}
	EndGlobalSection
	GlobalSection(ExtensibilityGlobals) = postSolution
		SolutionGuid = {C5290970-43C1-474B-96C8-811D7267F443}
	EndGlobalSection
EndGlobal
